{
  "version": "2",
  "remote": {
    "https://cdn.skypack.dev/-/@firebase/app@v0.6.28-9llV6BHulQZMJrbeJ7bn/dist=es2019,mode=imports/optimized/@firebase/app.js": "22395386aabc54dba3af2d08a53942076a4c51d4c92b9d71cec878e4d78e7524",
    "https://cdn.skypack.dev/-/@firebase/app@v0.7.14-GJlXydJb3JcmLu0qkTHq/dist=es2019,mode=imports/optimized/@firebase/app.js": "4b648ab737e7cc02342809b12da29c84e8dc3bdd77b9792034be4a84737a5041",
    "https://cdn.skypack.dev/-/@firebase/auth@v0.16.8-fuIw7Baswv7gZ8Si3voa/dist=es2019,mode=imports/optimized/@firebase/auth.js": "27b260a67d5d68689651ae8053cd5cc948ed44ecc4bbd67a4c1f7d350056022d",
    "https://cdn.skypack.dev/-/@firebase/component@v0.5.10-FCGhmwktBGOMfs8IijTq/dist=es2019,mode=imports/optimized/@firebase/component.js": "908ca2c2b9e7e3985d10cd5059269986a3e27d1f10aff1593218a8987553d781",
    "https://cdn.skypack.dev/-/@firebase/component@v0.5.4-oTertoV5qLQJ2lhZrxNv/dist=es2019,mode=imports/optimized/@firebase/component.js": "5e8fe87041bd5d9c885f0db60dacbb6966d66294ca00e78ee4645489e5d66a04",
    "https://cdn.skypack.dev/-/@firebase/firestore@v2.3.8-7gekwIXeA2YXJh4nbMEY/dist=es2019,mode=imports/optimized/@firebase/firestore.js": "ece13d8df147a9f3cead3df357d22fa355e6884984da5ba8eba3b9c5f1a11aaa",
    "https://cdn.skypack.dev/-/@firebase/logger@v0.2.6-KFivBUFGdEto0GXibKni/dist=es2019,mode=imports/optimized/@firebase/logger.js": "d8f11b51944b3e381333bc1733d88de62d7d0ee2f70ea6d4e67497757aaa5919",
    "https://cdn.skypack.dev/-/@firebase/logger@v0.3.2-h7x4OWlAPVjgNAAOr2gq/dist=es2019,mode=imports/optimized/@firebase/logger.js": "8c9fdd52e7b5b616539b6d7ae2b0a95d240674e08676eeaa5a41b0dab55d4e25",
    "https://cdn.skypack.dev/-/@firebase/util@v1.1.0-nQeCTYIuiZvfsLgRZz9e/dist=es2019,mode=imports/optimized/@firebase/util.js": "9933c92535c416158f40b870325452c770028fe519917f6d02ae9172cc908b1b",
    "https://cdn.skypack.dev/-/@firebase/util@v1.4.3-13BnGdo0A5uxcz6gH7eX/dist=es2019,mode=imports/optimized/@firebase/util.js": "75d0192d1a5d0e0aac44c16558d4b2ab823e9df72dcefbf9fee08d34d470453d",
    "https://cdn.skypack.dev/-/@firebase/webchannel-wrapper@v0.5.1-oLxOOHy3gMITgSlEdwlF/dist=es2019,mode=imports/optimized/@firebase/webchannel-wrapper.js": "572f6a23d90de819b92f4852728b59fe2eec56ba8ca01f8f3e6c06e22837d885",
    "https://cdn.skypack.dev/-/firebase@v8.7.0-R1buAnY5aIDeDJQPEnxL/dist=es2019,mode=imports/unoptimized/app/dist/index.esm.js": "1f67ab70bb513f1d3135eedbb80293cc5b855370070699c5f41db1b7d2839bdb",
    "https://cdn.skypack.dev/-/firebase@v8.7.0-R1buAnY5aIDeDJQPEnxL/dist=es2019,mode=imports/unoptimized/auth/dist/index.esm.js": "b79c9bede50efb597433662ad89e86b9a5415320c4c5e1a9ff3d6f332d70f326",
    "https://cdn.skypack.dev/-/firebase@v8.7.0-R1buAnY5aIDeDJQPEnxL/dist=es2019,mode=imports/unoptimized/firestore/dist/index.esm.js": "1dd8846f80a935e1b51f484b7888bcda6e8ef68f2c63b2732579f5679c0b3611",
    "https://cdn.skypack.dev/-/tslib@v2.2.0-aACEbPrqb1U8uyinA6J0/dist=es2019,mode=imports/optimized/tslib.js": "95ccfbf8bc9c5b81a343a5827eb6960f24bd26d3aa2dae4f54be032f03d94466",
    "https://cdn.skypack.dev/-/tslib@v2.3.0-7PdXE4NamvODmIuM0tBj/dist=es2019,mode=imports/optimized/tslib.js": "6e5577ae3f56b65d3363105e22a8953adfa0ea795b7f93e9377d8ed35e2bd314",
    "https://cdn.skypack.dev/-/tslib@v2.3.1-oagOtGnmjZ2E5Gt5m3zI/dist=es2019,mode=imports/optimized/tslib.js": "6a8aec215e19801a0cc9dfae2d87b3d5e774115c0684d3bd173ea7950c3a3e9e",
    "https://cdn.skypack.dev/firebase@8.7.0/app": "e0aa6c4648f185d0bfd8528e9ffb66f529b3d8f5354b6e32b0d702f4371a0d71",
    "https://cdn.skypack.dev/firebase@8.7.0/auth": "dc06bbc24bd86ae06ce2ee8c84a58a9a0c9e5f84fcf4fe81701c698fdfb36a9f",
    "https://cdn.skypack.dev/firebase@8.7.0/firestore": "712d5182d582e693fbd058562eda825da1efa14c8961b1ef289fc8efc57b7691",
    "https://deno.land/std@0.99.0/_util/assert.ts": "2f868145a042a11d5ad0a3c748dcf580add8a0dbc0e876eaa0026303a5488f58",
    "https://deno.land/std@0.99.0/_util/has_own_property.ts": "f5edd94ed3f3c20c517d812045deb97977e18501c9b7105b5f5c11a31893d7a2",
    "https://deno.land/std@0.99.0/_util/os.ts": "e282950a0eaa96760c0cf11e7463e66babd15ec9157d4c9ed49cc0925686f6a7",
    "https://deno.land/std@0.99.0/async/deferred.ts": "624bef4b755b71394620508a0c234a93cb8020cbd1b04bfcdad41c174392cef6",
    "https://deno.land/std@0.99.0/async/delay.ts": "9de1d8d07d1927767ab7f82434b883f3d8294fb19cad819691a2ad81a728cf3d",
    "https://deno.land/std@0.99.0/async/mod.ts": "f24e4a94f9fb7de78e8345e9590e1bf23da28a212541970413a023094448031b",
    "https://deno.land/std@0.99.0/async/mux_async_iterator.ts": "62abff3af9ff619e8f2adc96fc70d4ca020fa48a50c23c13f12d02ed2b760dbe",
    "https://deno.land/std@0.99.0/async/pool.ts": "353ce4f91865da203a097aa6f33de8966340c91b6f4a055611c8c5d534afd12f",
    "https://deno.land/std@0.99.0/async/tee.ts": "6b8f1322b6dd2396202cfbe9cde9cab158d1e962cfd9197b0a97c6657bee79ce",
    "https://deno.land/std@0.99.0/bytes/bytes_list.ts": "a13287edb03f19d27ba4927dec6d6de3e5bd46254cd4aee6f7e5815810122673",
    "https://deno.land/std@0.99.0/bytes/mod.ts": "1ae1ccfe98c4b979f12b015982c7444f81fcb921bea7aa215bf37d84f46e1e13",
    "https://deno.land/std@0.99.0/encoding/base64.ts": "eecae390f1f1d1cae6f6c6d732ede5276bf4b9cd29b1d281678c054dc5cc009e",
    "https://deno.land/std@0.99.0/encoding/hex.ts": "f952e0727bddb3b2fd2e6889d104eacbd62e92091f540ebd6459317a61932d9b",
    "https://deno.land/std@0.99.0/fmt/colors.ts": "db22b314a2ae9430ae7460ce005e0a7130e23ae1c999157e3bb77cf55800f7e4",
    "https://deno.land/std@0.99.0/hash/_wasm/hash.ts": "cb6ad1ab429f8ac9d6eae48f3286e08236d662e1a2e5cfd681ba1c0f17375895",
    "https://deno.land/std@0.99.0/hash/_wasm/wasm.js": "94b1b997ae6fb4e6d2156bcea8f79cfcd1e512a91252b08800a92071e5e84e1a",
    "https://deno.land/std@0.99.0/hash/mod.ts": "5d032bd34186cda2f8d17fc122d621430953a6030d4b3f11172004715e3e2441",
    "https://deno.land/std@0.99.0/hash/sha1.ts": "1cca324b4b253885a47f121adafcfac55b4cc96113e22b338e1db26f37a730b8",
    "https://deno.land/std@0.99.0/hash/sha256.ts": "2a06afd9c27942b87ffc8a93b3270065b5fe4ea144fe0939e5d050bfb86d40db",
    "https://deno.land/std@0.99.0/http/_io.ts": "f4446e433d8d0009851c7de20d594746de228399c382cbee65da30eb87e70827",
    "https://deno.land/std@0.99.0/http/http_status.ts": "ebaa9bebfb8adc3d7b20c49e11037e4eefd79629ad80d81383933f4cdc91b3eb",
    "https://deno.land/std@0.99.0/http/server.ts": "39414681549353ebd0665e3df4145ee0a93a989cd0f55bed14fdb2c43d2faa3b",
    "https://deno.land/std@0.99.0/io/buffer.ts": "3ead6bb11276ebcf093c403f74f67fd2205a515dbbb9061862c468ca56f37cd8",
    "https://deno.land/std@0.99.0/io/bufio.ts": "82fe6a499cacf4604844472ccf328cb0a1c0571c0f83b5ee67e475018342b4ae",
    "https://deno.land/std@0.99.0/io/ioutil.ts": "3c6b7c8be3b8cd19746de028c40063193578612244a935dcc27be9f3ff343b0c",
    "https://deno.land/std@0.99.0/io/readers.ts": "17403919724fef2f343c88555606368868a5c752a1099ad801f6a381c170f62d",
    "https://deno.land/std@0.99.0/io/streams.ts": "b2b15e2d92ee113db9225b8098f03f6338302ce21c4195c3f643bb5132426906",
    "https://deno.land/std@0.99.0/io/util.ts": "318be78b7954da25f0faffe123fef0d9423ea61af98467e860c06b60265eff6d",
    "https://deno.land/std@0.99.0/path/_constants.ts": "1247fee4a79b70c89f23499691ef169b41b6ccf01887a0abd131009c5581b853",
    "https://deno.land/std@0.99.0/path/_interface.ts": "1fa73b02aaa24867e481a48492b44f2598cd9dfa513c7b34001437007d3642e4",
    "https://deno.land/std@0.99.0/path/_util.ts": "2e06a3b9e79beaf62687196bd4b60a4c391d862cfa007a20fc3a39f778ba073b",
    "https://deno.land/std@0.99.0/path/common.ts": "eaf03d08b569e8a87e674e4e265e099f237472b6fd135b3cbeae5827035ea14a",
    "https://deno.land/std@0.99.0/path/glob.ts": "314ad9ff263b895795208cdd4d5e35a44618ca3c6dd155e226fb15d065008652",
    "https://deno.land/std@0.99.0/path/mod.ts": "4465dc494f271b02569edbb4a18d727063b5dbd6ed84283ff906260970a15d12",
    "https://deno.land/std@0.99.0/path/posix.ts": "f56c3c99feb47f30a40ce9d252ef6f00296fa7c0fcb6dd81211bdb3b8b99ca3b",
    "https://deno.land/std@0.99.0/path/separator.ts": "8fdcf289b1b76fd726a508f57d3370ca029ae6976fcde5044007f062e643ff1c",
    "https://deno.land/std@0.99.0/path/win32.ts": "77f7b3604e0de40f3a7c698e8a79e7f601dc187035a1c21cb1e596666ce112f8",
    "https://deno.land/std@0.99.0/testing/_diff.ts": "961eaf6d9f5b0a8556c9d835bbc6fa74f5addd7d3b02728ba7936ff93364f7a3",
    "https://deno.land/std@0.99.0/testing/asserts.ts": "289b6ccf3b422ffb311cbf56996960d6530f8d8c0a7281803764c5ec672f9f9c",
    "https://deno.land/std@0.99.0/textproto/mod.ts": "6e8430986393e3929720cec9c6668d75dee2ffd953886e842dc124c251cb86c8",
    "https://deno.land/std@0.99.0/ws/mod.ts": "561d12475c04ed91b109e5340ca7f2cfe0421613792586c3d8a4c825ad722f59",
    "https://deno.land/x/media_types@v2.9.0/db.ts": "ba39cddbcefce47d577c0529066787a3a7b39d27750a6d32b5ad53ed487e7b7b",
    "https://deno.land/x/media_types@v2.9.0/deps.ts": "364b24c35845cfd5c6903ab22b8ba9873bf1022bbbf6bf3d001695332d4bbb4f",
    "https://deno.land/x/media_types@v2.9.0/mod.ts": "d63583b978d32eff8b76e1ae5d83cba2fb27baa90cc1bcb0ad15a06122ea8c19",
    "https://deno.land/x/oak@v7.7.0/application.ts": "5d924b7d18fbe29e59698d314b53a554b4eaf12d237380fe0f32311b4baf6157",
    "https://deno.land/x/oak@v7.7.0/async_iterable_reader.ts": "c227ea777f7afdfe85f09be5eafca40a0828de45bde95e87615f0463e58255c1",
    "https://deno.land/x/oak@v7.7.0/body.ts": "7a96b6f19f1f7707bbdbbfb274335f41d0978ed51dc293414e3264e9a9e83664",
    "https://deno.land/x/oak@v7.7.0/buf_reader.ts": "69e0fee4bcee06d955123344e1e9395ea0fc1e0d1d48845dd334d9e2e4d39f82",
    "https://deno.land/x/oak@v7.7.0/content_disposition.ts": "8b8c3cb2fba7138cd5b7f82fc3b5ea39b33db924a824b28261659db7e164621e",
    "https://deno.land/x/oak@v7.7.0/context.ts": "38e85b5cfbbbfc912f2a791ab9efd8f2517591d5f80314d7a080f529e4fed16b",
    "https://deno.land/x/oak@v7.7.0/cookies.ts": "161992e2a02cb078f3366c61b0dd560894131dc01a690bdc300cb91fcda34c86",
    "https://deno.land/x/oak@v7.7.0/deps.ts": "599d6c0a8da1eccd679ae7baac8bad65c52d0af8234c25bb264325dd04620ba0",
    "https://deno.land/x/oak@v7.7.0/etag.ts": "58d6ff25d043d3645116b23af51d2bc36d99c45b8ad4a6119efd7b654b467523",
    "https://deno.land/x/oak@v7.7.0/headers.ts": "50b809d5f311837f49344f6622bfbe24c57e64cd788bfb8d66ac826d304e6c3a",
    "https://deno.land/x/oak@v7.7.0/helpers.ts": "c1cd593a85d294bf4d6c19c7b38c5a0951915114a6b9b0081a6dfb3aa9f83a42",
    "https://deno.land/x/oak@v7.7.0/httpError.ts": "0b417a40b8cd39be7595ae11ca3b20ce8f01a6ac2f2977fa1c297c881e1d1366",
    "https://deno.land/x/oak@v7.7.0/http_server_native.ts": "6da226420920dda3b99974aa5c7e9a7b30560eca83ff207420f660bacd3fc0d9",
    "https://deno.land/x/oak@v7.7.0/http_server_std.ts": "0c97323f22e844723c17b2ffde1dfaafd2edc5acb04b70974a31150a6835c0c4",
    "https://deno.land/x/oak@v7.7.0/isMediaType.ts": "e7457f8c14245a7bb9a3a48000d50e112bb6fcafeab8fd7bcff16363a0cd8687",
    "https://deno.land/x/oak@v7.7.0/keyStack.ts": "d916271673d91f3816fa856afaa456422c67ccebfe6391b62d4541f2d5cf879d",
    "https://deno.land/x/oak@v7.7.0/mediaTyper.ts": "042b853fc8e9c3f6c628dd389e03ef481552bf07242efc3f8a1af042102a6105",
    "https://deno.land/x/oak@v7.7.0/middleware.ts": "073665130709d495e058c68d67dbf09161d2a4a0ce2a8b4614f13f96e21a22cd",
    "https://deno.land/x/oak@v7.7.0/middleware/proxy.ts": "3e03143039409b55b535a5c99defb27ead220ef9b8cf75459e3eaefcfcfe373e",
    "https://deno.land/x/oak@v7.7.0/mod.ts": "fc6a57694d15de265944cae1685c28a6f6475ee041cd1c82a83c6abf4c001881",
    "https://deno.land/x/oak@v7.7.0/multipart.ts": "e19a58bd71ef5ae99f6a8f64fa4fe0d43d3082de3cbde1c51841548d63b20a3d",
    "https://deno.land/x/oak@v7.7.0/negotiation/charset.ts": "b4c2e0c49dd5122f130f95bf29508448d983c424801b5bc304b00288b5ae3195",
    "https://deno.land/x/oak@v7.7.0/negotiation/common.ts": "f54d599d37408005f8c565d0f6505de51fed31feaa3654a7758e2359c006b02c",
    "https://deno.land/x/oak@v7.7.0/negotiation/encoding.ts": "60eb0fc3df57cc39eaa739e0e9e2cda6c20b3aa429d1a0108f503065f5709bbe",
    "https://deno.land/x/oak@v7.7.0/negotiation/language.ts": "62ef13ea3146538dd52a4666611bd423ebb9a6438e7312398e17a4d16dbafb51",
    "https://deno.land/x/oak@v7.7.0/negotiation/mediaType.ts": "7e25cc34600beea3bf0b0879ff1783c752260fcb517dffea2e122830c36e8451",
    "https://deno.land/x/oak@v7.7.0/range.ts": "f3ea2dedeb111c29ae5848e7092984c262432167b7e96d40244037dcee6cd937",
    "https://deno.land/x/oak@v7.7.0/request.ts": "10a0765ba68dbaebb19d57d891038eb8a089d0f1d4a6c44bbfdb1090ba1e9298",
    "https://deno.land/x/oak@v7.7.0/response.ts": "41f5e60b922d0dae2b100e7b7097b81c8ec436766993f5df455ba5522ff736da",
    "https://deno.land/x/oak@v7.7.0/router.ts": "a20b5c35ea2520767bf6e260e0b1b430e5045afa3cc69f8e8cbea363a7659eb3",
    "https://deno.land/x/oak@v7.7.0/send.ts": "e32350e03831221412d801177739f9a9024846c55777ae90a1f2fcd028876cc0",
    "https://deno.land/x/oak@v7.7.0/server_sent_event.ts": "90844f9c01f62f16f367bd4701006f434e80fde89751cdda980a1976d902b2c4",
    "https://deno.land/x/oak@v7.7.0/structured_clone.ts": "8c94f87ced4fe3e70075d5e3a70e4251ed76a9292fec25115f045a19e6145734",
    "https://deno.land/x/oak@v7.7.0/testing.ts": "68e125ed9dce1595dfa64a615272272dc89dad19966a0a652ff840bbc8e64c72",
    "https://deno.land/x/oak@v7.7.0/tssCompare.ts": "3a07de58ecbe66083b5633b812b637a6c70c2542a874db6853feed5ef069bf5c",
    "https://deno.land/x/oak@v7.7.0/types.d.ts": "9d960a9080c21c8d076dc9f5246db760ed2d8baf0785db5dd467689fca399929",
    "https://deno.land/x/oak@v7.7.0/util.ts": "bebdd66e5a75c82c3a5828b8556c9f952632580b252759cbe874b9e1188b88eb",
    "https://deno.land/x/path_to_regexp@v6.2.0/index.ts": "e94c04a44bbecac99ff2db2d831afe98b423e627b775cb57fc7935f848c64c51",
    "https://deno.land/x/virtualstorage@0.1.0/middleware.ts": "abb7a2c816bf9201d07946bd1ee3d79a916cea74f7992b30e9a45b7777ca38c4",
    "https://deno.land/x/virtualstorage@0.1.0/mod.ts": "9449c2f86fab7d09fd7b76446c7852515bbe512cca925a93793e0361d1e266d4",
    "https://deno.land/x/virtualstorage@0.1.0/virtualStorage.ts": "602965ab9985f0e330587db8b60c2639611622cfd608d1964ade58ed746db09d",
    "https://deno.land/x/xhr@0.1.1/mod.ts": "23518d9a74b17ea7ec3fc0cb9bf491ba91e1c83a29a4043ace12e214f255fa29"
  }
}
